
Microsoft Visual Studio Solution File, Format Version 12.00
# Visual Studio Version 17
VisualStudioVersion = 17.10.35013.160
MinimumVisualStudioVersion = 10.0.40219.1
Project("{FAE04EC0-301F-11D3-BF4B-00C04F79EFBC}") = "myhomeapplication", "myhomeapplication\myhomeapplication.csproj", "{3B91F12A-6576-4A92-B182-C6C3DF776628}"
EndProject
Global
	GlobalSection(SolutionConfigurationPlatforms) = preSolution
		Debug|Any CPU = Debug|Any CPU
		Release|Any CPU = Release|Any CPU
	EndGlobalSection
	GlobalSection(ProjectConfigurationPlatforms) = postSolution
		{3B91F12A-6576-4A92-B182-C6C3DF776628}.Debug|Any CPU.ActiveCfg = Debug|Any CPU
		{3B91F12A-6576-4A92-B182-C6C3DF776628}.Debug|Any CPU.Build.0 = Debug|Any CPU
		{3B91F12A-6576-4A92-B182-C6C3DF776628}.Release|Any CPU.ActiveCfg = Release|Any CPU
		{3B91F12A-6576-4A92-B182-C6C3DF776628}.Release|Any CPU.Build.0 = Release|Any CPU
	EndGlobalSection
	GlobalSection(SolutionProperties) = preSolution
		HideSolutionNode = FALSE
	EndGlobalSection
	GlobalSection(ExtensibilityGlobals) = postSolution
		SolutionGuid = {A232D15A-F36A-4A4D-8328-3A50C2B53109}
	EndGlobalSection
EndGlobal
